
Microsoft Visual Studio Solution File, Format Version 12.00
# Visual Studio Version 16
VisualStudioVersion = 16.0.30611.23
MinimumVisualStudioVersion = 10.0.40219.1
Project("{FAE04EC0-301F-11D3-BF4B-00C04F79EFBC}") = "HermesService", "Hermes\HermesService.csproj", "{12931028-F764-44FF-A8BD-0AD3165447D6}"
EndProject
Project("{FAE04EC0-301F-11D3-BF4B-00C04F79EFBC}") = "Teste", "Teste\Teste.csproj", "{3FD94CF5-9FF2-47D4-880F-21CD807EB198}"
EndProject
Global
	GlobalSection(SolutionConfigurationPlatforms) = preSolution
		Debug|Any CPU = Debug|Any CPU
		Release|Any CPU = Release|Any CPU
	EndGlobalSection
	GlobalSection(ProjectConfigurationPlatforms) = postSolution
		{12931028-F764-44FF-A8BD-0AD3165447D6}.Debug|Any CPU.ActiveCfg = Debug|Any CPU
		{12931028-F764-44FF-A8BD-0AD3165447D6}.Debug|Any CPU.Build.0 = Debug|Any CPU
		{12931028-F764-44FF-A8BD-0AD3165447D6}.Release|Any CPU.ActiveCfg = Release|Any CPU
		{12931028-F764-44FF-A8BD-0AD3165447D6}.Release|Any CPU.Build.0 = Release|Any CPU
		{3FD94CF5-9FF2-47D4-880F-21CD807EB198}.Debug|Any CPU.ActiveCfg = Debug|Any CPU
		{3FD94CF5-9FF2-47D4-880F-21CD807EB198}.Debug|Any CPU.Build.0 = Debug|Any CPU
		{3FD94CF5-9FF2-47D4-880F-21CD807EB198}.Release|Any CPU.ActiveCfg = Release|Any CPU
		{3FD94CF5-9FF2-47D4-880F-21CD807EB198}.Release|Any CPU.Build.0 = Release|Any CPU
	EndGlobalSection
	GlobalSection(SolutionProperties) = preSolution
		HideSolutionNode = FALSE
	EndGlobalSection
	GlobalSection(ExtensibilityGlobals) = postSolution
		SolutionGuid = {892DB181-AF78-4A93-8B68-85CB2610ABA4}
	EndGlobalSection
EndGlobal
